
Microsoft Visual Studio Solution File, Format Version 12.00
# Visual Studio 15
VisualStudioVersion = 15.0.28307.779
MinimumVisualStudioVersion = 10.0.40219.1
Project("{FAE04EC0-301F-11D3-BF4B-00C04F79EFBC}") = "BattleBots", "BattleBots\BattleBots.csproj", "{627A6060-004D-4D60-BEAD-5075028B73BF}"
EndProject
Global
	GlobalSection(SolutionConfigurationPlatforms) = preSolution
		Debug|Any CPU = Debug|Any CPU
		Release|Any CPU = Release|Any CPU
	EndGlobalSection
	GlobalSection(ProjectConfigurationPlatforms) = postSolution
		{627A6060-004D-4D60-BEAD-5075028B73BF}.Debug|Any CPU.ActiveCfg = Debug|Any CPU
		{627A6060-004D-4D60-BEAD-5075028B73BF}.Debug|Any CPU.Build.0 = Debug|Any CPU
		{627A6060-004D-4D60-BEAD-5075028B73BF}.Release|Any CPU.ActiveCfg = Release|Any CPU
		{627A6060-004D-4D60-BEAD-5075028B73BF}.Release|Any CPU.Build.0 = Release|Any CPU
	EndGlobalSection
	GlobalSection(SolutionProperties) = preSolution
		HideSolutionNode = FALSE
	EndGlobalSection
	GlobalSection(ExtensibilityGlobals) = postSolution
		SolutionGuid = {05DA9243-EC5E-455E-8E34-92FD1B77105E}
	EndGlobalSection
EndGlobal
